
Microsoft Visual Studio Solution File, Format Version 12.00
# Visual Studio 15
VisualStudioVersion = 15.0.28307.168
MinimumVisualStudioVersion = 10.0.40219.1
Project("{FAE04EC0-301F-11D3-BF4B-00C04F79EFBC}") = "MASWebAPI", "MASWebAPI\MASWebAPI.csproj", "{5A1376CD-D684-4C67-9C42-0E570B7EEB9C}"
EndProject
Global
	GlobalSection(SolutionConfigurationPlatforms) = preSolution
		Debug|Any CPU = Debug|Any CPU
		Release|Any CPU = Release|Any CPU
	EndGlobalSection
	GlobalSection(ProjectConfigurationPlatforms) = postSolution
		{5A1376CD-D684-4C67-9C42-0E570B7EEB9C}.Debug|Any CPU.ActiveCfg = Debug|Any CPU
		{5A1376CD-D684-4C67-9C42-0E570B7EEB9C}.Debug|Any CPU.Build.0 = Debug|Any CPU
		{5A1376CD-D684-4C67-9C42-0E570B7EEB9C}.Release|Any CPU.ActiveCfg = Release|Any CPU
		{5A1376CD-D684-4C67-9C42-0E570B7EEB9C}.Release|Any CPU.Build.0 = Release|Any CPU
	EndGlobalSection
	GlobalSection(SolutionProperties) = preSolution
		HideSolutionNode = FALSE
	EndGlobalSection
	GlobalSection(ExtensibilityGlobals) = postSolution
		SolutionGuid = {65A1996C-B665-4915-AE36-0056DFE29C05}
	EndGlobalSection
EndGlobal
